// !$*UTF8*$!
{
	archiveVersion = 1;
	classes = {
	};
	objectVersion = 46;
	objects = {

/* Begin PBXBuildFile section */
		6871AE56318C09216485E0BA /* main.cc in Sources */ = {isa = PBXBuildFile; fileRef = 6871AE56DF6348E8B5F05F7B /* main.cc */; };
/* End PBXBuildFile section */

/* Begin PBXFileReference section */
		6871AE560BFD740C676FAC9B /* E2_sizes */ = {isa = PBXFileReference; explicitFileType = compiled.mach-o.executable; includeInIndex = 0; path = E2_sizes; sourceTree = BUILT_PRODUCTS_DIR; };
		6871AE56DF6348E8B5F05F7B /* main.cc */ = {isa = PBXFileReference; fileEncoding = 4; lastKnownFileType = sourcecode.cpp.cpp; name = main.cc; path = ../2.sizes/main.cc; sourceTree = "<group>"; };
/* End PBXFileReference section */

/* Begin PBXFrameworksBuildPhase section */
		6871AE564AE52D6E7EE631D8 /* Frameworks */ = {
			isa = PBXFrameworksBuildPhase;
			buildActionMask = 2147483647;
			files = (
			);
			runOnlyForDeploymentPostprocessing = 0;
		};
/* End PBXFrameworksBuildPhase section */

/* Begin PBXGroup section */
		6871AE569CF5E0F339D0C199 = {
			isa = PBXGroup;
			children = (
				6871AE56DF6348E8B5F05F7B /* main.cc */,
				6871AE56AC2BD93F5AA32EF9 /* Products */,
			);
			sourceTree = "<group>";
		};
		6871AE56AC2BD93F5AA32EF9 /* Products */ = {
			isa = PBXGroup;
			children = (
				6871AE560BFD740C676FAC9B /* E2_sizes */,
			);
			name = Products;
			sourceTree = "<group>";
		};
/* End PBXGroup section */

/* Begin PBXHeadersBuildPhase section */
		6871AE56755AE5108061E83E /* Headers */ = {
			isa = PBXHeadersBuildPhase;
			buildActionMask = 2147483647;
			files = (
			);
			runOnlyForDeploymentPostprocessing = 0;
		};
/* End PBXHeadersBuildPhase section */

/* Begin PBXNativeTarget section */
		6871AE564F251F10A67DCB5F /* E2_sizes */ = {
			isa = PBXNativeTarget;
			buildConfigurationList = 6871AE564EE1AA305B3B9293 /* Build configuration list for PBXNativeTarget "E2_sizes" */;
			buildPhases = (
				6871AE56194314774BD6909D /* Sources */,
				6871AE564AE52D6E7EE631D8 /* Frameworks */,
				6871AE56755AE5108061E83E /* Headers */,
			);
			buildRules = (
			);
			dependencies = (
			);
			name = E2_sizes;
			productName = E2_sizes;
			productReference = 6871AE560BFD740C676FAC9B /* E2_sizes */;
			productType = "com.apple.product-type.tool";
		};
/* End PBXNativeTarget section */

/* Begin PBXProject section */
		6871AE568D210DA27E55A85C /* Project object */ = {
			isa = PBXProject;
			attributes = {
				LastUpgradeCheck = 0610;
				ORGANIZATIONNAME = Unknown;
			};
			buildConfigurationList = 6871AE56BECEF1D4510D2653 /* Build configuration list for PBXProject "E2_sizes" */;
			compatibilityVersion = "Xcode 3.2";
			developmentRegion = English;
			hasScannedForEncodings = 0;
			knownRegions = (
				en,
			);
			mainGroup = 6871AE569CF5E0F339D0C199;
			productRefGroup = 6871AE56AC2BD93F5AA32EF9 /* Products */;
			projectDirPath = "";
			projectRoot = "";
			targets = (
				6871AE564F251F10A67DCB5F /* E2_sizes */,
			);
		};
/* End PBXProject section */

/* Begin PBXSourcesBuildPhase section */
		6871AE56194314774BD6909D /* Sources */ = {
			isa = PBXSourcesBuildPhase;
			buildActionMask = 2147483647;
			files = (
				6871AE56318C09216485E0BA /* main.cc in Sources */,
			);
			runOnlyForDeploymentPostprocessing = 0;
		};
/* End PBXSourcesBuildPhase section */

/* Begin XCBuildConfiguration section */
		6871AE565A82F41D6D2C8832 /* Debug */ = {
			isa = XCBuildConfiguration;
			buildSettings = {
				ALWAYS_SEARCH_USER_PATHS = YES;
				CLANG_CXX_LANGUAGE_STANDARD = "c++11";
				CLANG_CXX_LIBRARY = "libc++";
				CLANG_ENABLE_MODULES = YES;
				CLANG_ENABLE_OBJC_ARC = YES;
				CLANG_WARN_BOOL_CONVERSION = YES;
				CLANG_WARN_CONSTANT_CONVERSION = YES;
				CLANG_WARN_DIRECT_OBJC_ISA_USAGE = YES_ERROR;
				CLANG_WARN_EMPTY_BODY = YES;
				CLANG_WARN_ENUM_CONVERSION = YES;
				CLANG_WARN_INT_CONVERSION = YES;
				CLANG_WARN_OBJC_ROOT_CLASS = YES_ERROR;
				CLANG_WARN__DUPLICATE_METHOD_MATCH = YES;
				COPY_PHASE_STRIP = NO;
				DEBUG_INFORMATION_FORMAT = "dwarf-with-dsym";
				GCC_C_LANGUAGE_STANDARD = gnu99;
				GCC_DYNAMIC_NO_PIC = NO;
				GCC_ENABLE_OBJC_EXCEPTIONS = YES;
				GCC_OPTIMIZATION_LEVEL = 0;
				GCC_PREPROCESSOR_DEFINITIONS = (
					DEBUG,
					"$(inherited)",
				);
				GCC_SYMBOLS_PRIVATE_EXTERN = NO;
				GCC_WARN_64_TO_32_BIT_CONVERSION = YES;
				GCC_WARN_ABOUT_RETURN_TYPE = YES_ERROR;
				GCC_WARN_UNDECLARED_SELECTOR = YES;
				GCC_WARN_UNINITIALIZED_AUTOS = YES_AGGRESSIVE;
				GCC_WARN_UNUSED_FUNCTION = NO;
				GCC_WARN_UNUSED_VARIABLE = YES;
				MACOSX_DEPLOYMENT_TARGET = 10.9;
				ONLY_ACTIVE_ARCH = YES;
				SDKROOT = macosx;
			};
			name = Debug;
		};
		6871AE569E228CA4CFF17C72 /* Debug */ = {
			isa = XCBuildConfiguration;
			buildSettings = {
				COMBINE_HIDPI_IMAGES = YES;
				CONFIGURATION_BUILD_DIR = "$(BUILD_DIR)";
				INSTALL_PATH = ../2.sizes/out;
				OBJROOT = ../2.sizes/tmp;
				PRODUCT_NAME = "$(TARGET_NAME)";
				STRIP_INSTALLED_PRODUCT = NO;
				SYMROOT = ../2.sizes/out;
				USER_HEADER_SEARCH_PATHS = "";
			};
			name = Debug;
		};
		6871AE56CD96C335B7317E12 /* Release */ = {
			isa = XCBuildConfiguration;
			buildSettings = {
				ALWAYS_SEARCH_USER_PATHS = YES;
				CLANG_CXX_LANGUAGE_STANDARD = "c++11";
				CLANG_CXX_LIBRARY = "libc++";
				CLANG_ENABLE_MODULES = YES;
				CLANG_ENABLE_OBJC_ARC = YES;
				CLANG_WARN_BOOL_CONVERSION = YES;
				CLANG_WARN_CONSTANT_CONVERSION = YES;
				CLANG_WARN_DIRECT_OBJC_ISA_USAGE = YES_ERROR;
				CLANG_WARN_EMPTY_BODY = YES;
				CLANG_WARN_ENUM_CONVERSION = YES;
				CLANG_WARN_INT_CONVERSION = YES;
				CLANG_WARN_OBJC_ROOT_CLASS = YES_ERROR;
				CLANG_WARN__DUPLICATE_METHOD_MATCH = YES;
				COPY_PHASE_STRIP = YES;
				DEBUG_INFORMATION_FORMAT = "dwarf-with-dsym";
				ENABLE_NS_ASSERTIONS = NO;
				GCC_C_LANGUAGE_STANDARD = gnu99;
				GCC_DYNAMIC_NO_PIC = NO;
				GCC_ENABLE_OBJC_EXCEPTIONS = YES;
				GCC_WARN_64_TO_32_BIT_CONVERSION = YES;
				GCC_WARN_ABOUT_RETURN_TYPE = YES_ERROR;
				GCC_WARN_UNDECLARED_SELECTOR = YES;
				GCC_WARN_UNINITIALIZED_AUTOS = YES_AGGRESSIVE;
				GCC_WARN_UNUSED_FUNCTION = NO;
				GCC_WARN_UNUSED_VARIABLE = YES;
				MACOSX_DEPLOYMENT_TARGET = 10.9;
				ONLY_ACTIVE_ARCH = YES;
				SDKROOT = macosx;
			};
			name = Release;
		};
		6871AE56E2ACC117075B2532 /* Release */ = {
			isa = XCBuildConfiguration;
			buildSettings = {
				COMBINE_HIDPI_IMAGES = YES;
				CONFIGURATION_BUILD_DIR = "$(BUILD_DIR)";
				INSTALL_PATH = ../2.sizes/out;
				LLVM_LTO = YES;
				OBJROOT = ../2.sizes/tmp;
				PRODUCT_NAME = "$(TARGET_NAME)";
				SYMROOT = ../2.sizes/out;
				USER_HEADER_SEARCH_PATHS = "";
			};
			name = Release;
		};
/* End XCBuildConfiguration section */

/* Begin XCConfigurationList section */
		6871AE564EE1AA305B3B9293 /* Build configuration list for PBXNativeTarget "E2_sizes" */ = {
			isa = XCConfigurationList;
			buildConfigurations = (
				6871AE569E228CA4CFF17C72 /* Debug */,
				6871AE56E2ACC117075B2532 /* Release */,
			);
			defaultConfigurationIsVisible = 0;
			defaultConfigurationName = Debug;
		};
		6871AE56BECEF1D4510D2653 /* Build configuration list for PBXProject "E2_sizes" */ = {
			isa = XCConfigurationList;
			buildConfigurations = (
				6871AE565A82F41D6D2C8832 /* Debug */,
				6871AE56CD96C335B7317E12 /* Release */,
			);
			defaultConfigurationIsVisible = 0;
			defaultConfigurationName = Debug;
		};
/* End XCConfigurationList section */
	};
	rootObject = 6871AE568D210DA27E55A85C /* Project object */;
}
