<?xml version="1.0" encoding="UTF-8" standalone="yes" ?>
<CodeBlocks_project_file>
	<FileVersion major="1" minor="6" />
	<Project>
		<Option title="4.cage" />
		<Option makefile="makefile" />
		<Option pch_mode="2" />
		<Option compiler="gcc" />
		<Option show_notes="0">
			<notes>
				<![CDATA[
Task: Finish class Cage (See the TODO in Cage.cc)
The Cage.h interface tells what various methods should do.
]]>
			</notes>
		</Option>
		<Build>
			<Target title="Debug">
				<Option output="bin/Debug/main" prefix_auto="1" extension_auto="1" />
				<Option object_output="obj/Debug/" />
				<Option type="1" />
				<Option compiler="gcc" />
				<Compiler>
					<Add option="-g" />
				</Compiler>
			</Target>
		</Build>
		<Compiler>
			<Add option="-Wmain" />
			<Add option="-Wall" />
			<Add option="-Wextra" />
			<Add option="-std=c++11" />
		</Compiler>
		<Unit filename="Animal.cc" />
		<Unit filename="Animal.h" />
		<Unit filename="Cage.cc" />
		<Unit filename="Cage.h" />
		<Unit filename="Employee.cc" />
		<Unit filename="Employee.h" />
		<Unit filename="Main.cc" />
		<Unit filename="Zoo.cc" />
		<Unit filename="Zoo.h" />
		<Unit filename="ansi.h" />
		<Unit filename="assert_error.cc" />
		<Unit filename="assert_error.h" />
		<Unit filename="asserts.h" />
		<Unit filename="common.h" />
		<Unit filename="where.h" />
		<Extensions>
			<envvars />
			<code_completion />
			<debugger />
		</Extensions>
	</Project>
</CodeBlocks_project_file>
